
Microsoft Visual Studio Solution File, Format Version 12.00
# Visual Studio 14
VisualStudioVersion = 14.0.25420.1
MinimumVisualStudioVersion = 10.0.40219.1
Project("{FAE04EC0-301F-11D3-BF4B-00C04F79EFBC}") = "Garfield", "problem1\Garfield.csproj", "{7DDB6E51-77FE-4DB4-964B-43CC3D168BC9}"
EndProject
Project("{FAE04EC0-301F-11D3-BF4B-00C04F79EFBC}") = "EncodedAnswers-19.10.2016", "EncodedAnswers-19.10.2016\EncodedAnswers-19.10.2016.csproj", "{31AAF234-568C-4945-B129-919F518BEE56}"
EndProject
Project("{FAE04EC0-301F-11D3-BF4B-00C04F79EFBC}") = "Problem 3 – Fallen In Love20.10.2016-Unfinished", "Problem 3 – Fallen In Love20.10.2016\Problem 3 – Fallen In Love20.10.2016-Unfinished.csproj", "{39B2E218-8E06-405E-BEB9-E8D86866B3FB}"
EndProject
Project("{FAE04EC0-301F-11D3-BF4B-00C04F79EFBC}") = "Problem 2 – Take the plane down27.10.2016.21.40", "Problem 2 – Take the plane down27.10.2016.21.40\Problem 2 – Take the plane down27.10.2016.21.40.csproj", "{FDC18898-9D73-4EE0-86A5-5FD9E2078FB3}"
EndProject
Project("{FAE04EC0-301F-11D3-BF4B-00C04F79EFBC}") = "PointTriangle", "PointTriangle\PointTriangle.csproj", "{5B05D74E-A58F-4109-8173-36EFC173BE21}"
EndProject
Project("{FAE04EC0-301F-11D3-BF4B-00C04F79EFBC}") = "BricksTransport28.10.2016.22.43Mins", "BricksTransport28.10.2016.22.43Mins\BricksTransport28.10.2016.22.43Mins.csproj", "{6CF29A96-7F87-4688-8AE7-51F3B725D6C4}"
EndProject
Project("{FAE04EC0-301F-11D3-BF4B-00C04F79EFBC}") = "PointOnSegment28.10.2016.23.30Mins", "PointOnSegment28.10.2016.23.30Mins\PointOnSegment28.10.2016.23.30Mins.csproj", "{F88B49C3-7D88-44F1-8176-9188D1899F8A}"
EndProject
Project("{FAE04EC0-301F-11D3-BF4B-00C04F79EFBC}") = "4.PointInFigure1.11.2016.19.53OutVariant", "4.PointInFigure1.11.2016.19.53\4.PointInFigure1.11.2016.19.53OutVariant.csproj", "{D41D985C-000C-4911-894D-B12BBD1977DB}"
EndProject
Project("{FAE04EC0-301F-11D3-BF4B-00C04F79EFBC}") = "4.PointInFigure20.30InVariant", "4.PointInFigure20.30InVariant\4.PointInFigure20.30InVariant.csproj", "{B58AEA6F-0991-4998-8476-D14FB6324565}"
EndProject
Project("{FAE04EC0-301F-11D3-BF4B-00C04F79EFBC}") = "DateAfter5Days.1.11.2016.21.44", "DateAfter5Days.1.11.2016.21.44\DateAfter5Days.1.11.2016.21.44.csproj", "{4AF7D30B-0F3F-49AD-B27D-DE448E68D262}"
EndProject
Project("{FAE04EC0-301F-11D3-BF4B-00C04F79EFBC}") = "3NumbersSum3.11.2016", "3NumbersSum3.11.2016\3NumbersSum3.11.2016.csproj", "{50979A9E-F521-4869-A605-BC07D287A163}"
EndProject
Project("{FAE04EC0-301F-11D3-BF4B-00C04F79EFBC}") = "transportPrice", "sumThrought3\transportPrice.csproj", "{A1435A2F-7048-41B2-9C35-8F904F69E3B9}"
EndProject
Project("{FAE04EC0-301F-11D3-BF4B-00C04F79EFBC}") = "4.11.2016.21.52InTimeForExam", "4.11.2016.21.52InTimeForExam\4.11.2016.21.52InTimeForExam.csproj", "{8C353D4A-5FE7-4CFC-A3F1-82BEE87AC7EB}"
EndProject
Project("{FAE04EC0-301F-11D3-BF4B-00C04F79EFBC}") = "Histogram6.11.2016.13.54", "Histogram6.11.2016.13.54\Histogram6.11.2016.13.54.csproj", "{61815CC1-3426-4D85-BF83-C333CA38F7D3}"
EndProject
Project("{FAE04EC0-301F-11D3-BF4B-00C04F79EFBC}") = "SumThrought3.8.11.2016.20.37", "SumThrought3.8.11.2016.20.37\SumThrought3.8.11.2016.20.37.csproj", "{D922C88C-5046-4088-B795-23BFA7827F3C}"
EndProject
Project("{FAE04EC0-301F-11D3-BF4B-00C04F79EFBC}") = "torrentPirate9.11.2016.20.13", "torrentPirate9.11.2016.20.13\torrentPirate9.11.2016.20.13.csproj", "{4A99A517-C87F-4185-974F-891BA821DF11}"
EndProject
Project("{FAE04EC0-301F-11D3-BF4B-00C04F79EFBC}") = "1.ImpressTheGF10.11.2016", "1.ImpressTheGF10.11.2016\1.ImpressTheGF10.11.2016.csproj", "{64C10035-7642-442A-952C-656796280D28}"
EndProject
Project("{FAE04EC0-301F-11D3-BF4B-00C04F79EFBC}") = "InsideTheBuilding", "InsideTheBuilding\InsideTheBuilding.csproj", "{03BBC40B-2301-4317-86A9-1E8C35D40215}"
EndProject
Project("{FAE04EC0-301F-11D3-BF4B-00C04F79EFBC}") = "1.DailyProfit12.11.2013.21.35", "1.DailyProfit12.11.2013.21.35\1.DailyProfit12.11.2013.21.35.csproj", "{28A44F1B-1821-452C-82AD-81170DC313AB}"
EndProject
Project("{FAE04EC0-301F-11D3-BF4B-00C04F79EFBC}") = "1.Money", "2.Firm12.11.2016.21.53\1.Money.csproj", "{8E7AE27B-512F-456A-A97F-494482CE41B1}"
EndProject
Project("{FAE04EC0-301F-11D3-BF4B-00C04F79EFBC}") = "2.Firm", "2.Firm\2.Firm.csproj", "{15D20E6F-5AB2-41B4-BBF6-40DD6CC91DF8}"
EndProject
Project("{FAE04EC0-301F-11D3-BF4B-00C04F79EFBC}") = "3.HotelRoom", "3.HotelRoom\3.HotelRoom.csproj", "{8C55886E-9507-465E-94C0-96D3D3572BF9}"
EndProject
Project("{FAE04EC0-301F-11D3-BF4B-00C04F79EFBC}") = "3.MatchTickets", "3.MatchTickets\3.MatchTickets.csproj", "{B0D2E940-03B7-43D2-AC10-2B8B6FCD4CBF}"
EndProject
Project("{FAE04EC0-301F-11D3-BF4B-00C04F79EFBC}") = "3.Operations", "3.Operations\3.Operations.csproj", "{260A5B56-9539-4F3F-8DAA-40F0501B3714}"
EndProject
Project("{FAE04EC0-301F-11D3-BF4B-00C04F79EFBC}") = "4.SmartLily", "4.SmartLily\4.SmartLily.csproj", "{958369E6-85D1-4432-86FB-AD5E7DEAA69F}"
EndProject
Project("{FAE04EC0-301F-11D3-BF4B-00C04F79EFBC}") = "4.Hospital", "4.Hospital\4.Hospital.csproj", "{2B7EB164-870E-46BC-825E-245E6C08C2A5}"
EndProject
Project("{FAE04EC0-301F-11D3-BF4B-00C04F79EFBC}") = "3.Trip", "3.Trip\3.Trip.csproj", "{579564EF-FAD6-482E-8AC7-3261C364245B}"
EndProject
Project("{FAE04EC0-301F-11D3-BF4B-00C04F79EFBC}") = "4.BackToThePast", "4.BackToThePast\4.BackToThePast.csproj", "{A0382310-4B0A-4541-8F9E-52C764715717}"
EndProject
Project("{FAE04EC0-301F-11D3-BF4B-00C04F79EFBC}") = "1.ClassRoom", "4.Devided\1.ClassRoom.csproj", "{B629486B-7668-4EDC-8600-1DD9839C8BDE}"
EndProject
Global
	GlobalSection(SolutionConfigurationPlatforms) = preSolution
		Debug|Any CPU = Debug|Any CPU
		Release|Any CPU = Release|Any CPU
	EndGlobalSection
	GlobalSection(ProjectConfigurationPlatforms) = postSolution
		{7DDB6E51-77FE-4DB4-964B-43CC3D168BC9}.Debug|Any CPU.ActiveCfg = Debug|Any CPU
		{7DDB6E51-77FE-4DB4-964B-43CC3D168BC9}.Debug|Any CPU.Build.0 = Debug|Any CPU
		{7DDB6E51-77FE-4DB4-964B-43CC3D168BC9}.Release|Any CPU.ActiveCfg = Release|Any CPU
		{7DDB6E51-77FE-4DB4-964B-43CC3D168BC9}.Release|Any CPU.Build.0 = Release|Any CPU
		{31AAF234-568C-4945-B129-919F518BEE56}.Debug|Any CPU.ActiveCfg = Debug|Any CPU
		{31AAF234-568C-4945-B129-919F518BEE56}.Debug|Any CPU.Build.0 = Debug|Any CPU
		{31AAF234-568C-4945-B129-919F518BEE56}.Release|Any CPU.ActiveCfg = Release|Any CPU
		{31AAF234-568C-4945-B129-919F518BEE56}.Release|Any CPU.Build.0 = Release|Any CPU
		{39B2E218-8E06-405E-BEB9-E8D86866B3FB}.Debug|Any CPU.ActiveCfg = Debug|Any CPU
		{39B2E218-8E06-405E-BEB9-E8D86866B3FB}.Debug|Any CPU.Build.0 = Debug|Any CPU
		{39B2E218-8E06-405E-BEB9-E8D86866B3FB}.Release|Any CPU.ActiveCfg = Release|Any CPU
		{39B2E218-8E06-405E-BEB9-E8D86866B3FB}.Release|Any CPU.Build.0 = Release|Any CPU
		{FDC18898-9D73-4EE0-86A5-5FD9E2078FB3}.Debug|Any CPU.ActiveCfg = Debug|Any CPU
		{FDC18898-9D73-4EE0-86A5-5FD9E2078FB3}.Debug|Any CPU.Build.0 = Debug|Any CPU
		{FDC18898-9D73-4EE0-86A5-5FD9E2078FB3}.Release|Any CPU.ActiveCfg = Release|Any CPU
		{FDC18898-9D73-4EE0-86A5-5FD9E2078FB3}.Release|Any CPU.Build.0 = Release|Any CPU
		{5B05D74E-A58F-4109-8173-36EFC173BE21}.Debug|Any CPU.ActiveCfg = Debug|Any CPU
		{5B05D74E-A58F-4109-8173-36EFC173BE21}.Debug|Any CPU.Build.0 = Debug|Any CPU
		{5B05D74E-A58F-4109-8173-36EFC173BE21}.Release|Any CPU.ActiveCfg = Release|Any CPU
		{5B05D74E-A58F-4109-8173-36EFC173BE21}.Release|Any CPU.Build.0 = Release|Any CPU
		{6CF29A96-7F87-4688-8AE7-51F3B725D6C4}.Debug|Any CPU.ActiveCfg = Debug|Any CPU
		{6CF29A96-7F87-4688-8AE7-51F3B725D6C4}.Debug|Any CPU.Build.0 = Debug|Any CPU
		{6CF29A96-7F87-4688-8AE7-51F3B725D6C4}.Release|Any CPU.ActiveCfg = Release|Any CPU
		{6CF29A96-7F87-4688-8AE7-51F3B725D6C4}.Release|Any CPU.Build.0 = Release|Any CPU
		{F88B49C3-7D88-44F1-8176-9188D1899F8A}.Debug|Any CPU.ActiveCfg = Debug|Any CPU
		{F88B49C3-7D88-44F1-8176-9188D1899F8A}.Debug|Any CPU.Build.0 = Debug|Any CPU
		{F88B49C3-7D88-44F1-8176-9188D1899F8A}.Release|Any CPU.ActiveCfg = Release|Any CPU
		{F88B49C3-7D88-44F1-8176-9188D1899F8A}.Release|Any CPU.Build.0 = Release|Any CPU
		{D41D985C-000C-4911-894D-B12BBD1977DB}.Debug|Any CPU.ActiveCfg = Debug|Any CPU
		{D41D985C-000C-4911-894D-B12BBD1977DB}.Debug|Any CPU.Build.0 = Debug|Any CPU
		{D41D985C-000C-4911-894D-B12BBD1977DB}.Release|Any CPU.ActiveCfg = Release|Any CPU
		{D41D985C-000C-4911-894D-B12BBD1977DB}.Release|Any CPU.Build.0 = Release|Any CPU
		{B58AEA6F-0991-4998-8476-D14FB6324565}.Debug|Any CPU.ActiveCfg = Debug|Any CPU
		{B58AEA6F-0991-4998-8476-D14FB6324565}.Debug|Any CPU.Build.0 = Debug|Any CPU
		{B58AEA6F-0991-4998-8476-D14FB6324565}.Release|Any CPU.ActiveCfg = Release|Any CPU
		{B58AEA6F-0991-4998-8476-D14FB6324565}.Release|Any CPU.Build.0 = Release|Any CPU
		{4AF7D30B-0F3F-49AD-B27D-DE448E68D262}.Debug|Any CPU.ActiveCfg = Debug|Any CPU
		{4AF7D30B-0F3F-49AD-B27D-DE448E68D262}.Debug|Any CPU.Build.0 = Debug|Any CPU
		{4AF7D30B-0F3F-49AD-B27D-DE448E68D262}.Release|Any CPU.ActiveCfg = Release|Any CPU
		{4AF7D30B-0F3F-49AD-B27D-DE448E68D262}.Release|Any CPU.Build.0 = Release|Any CPU
		{50979A9E-F521-4869-A605-BC07D287A163}.Debug|Any CPU.ActiveCfg = Debug|Any CPU
		{50979A9E-F521-4869-A605-BC07D287A163}.Debug|Any CPU.Build.0 = Debug|Any CPU
		{50979A9E-F521-4869-A605-BC07D287A163}.Release|Any CPU.ActiveCfg = Release|Any CPU
		{50979A9E-F521-4869-A605-BC07D287A163}.Release|Any CPU.Build.0 = Release|Any CPU
		{A1435A2F-7048-41B2-9C35-8F904F69E3B9}.Debug|Any CPU.ActiveCfg = Debug|Any CPU
		{A1435A2F-7048-41B2-9C35-8F904F69E3B9}.Debug|Any CPU.Build.0 = Debug|Any CPU
		{A1435A2F-7048-41B2-9C35-8F904F69E3B9}.Release|Any CPU.ActiveCfg = Release|Any CPU
		{A1435A2F-7048-41B2-9C35-8F904F69E3B9}.Release|Any CPU.Build.0 = Release|Any CPU
		{8C353D4A-5FE7-4CFC-A3F1-82BEE87AC7EB}.Debug|Any CPU.ActiveCfg = Debug|Any CPU
		{8C353D4A-5FE7-4CFC-A3F1-82BEE87AC7EB}.Debug|Any CPU.Build.0 = Debug|Any CPU
		{8C353D4A-5FE7-4CFC-A3F1-82BEE87AC7EB}.Release|Any CPU.ActiveCfg = Release|Any CPU
		{8C353D4A-5FE7-4CFC-A3F1-82BEE87AC7EB}.Release|Any CPU.Build.0 = Release|Any CPU
		{61815CC1-3426-4D85-BF83-C333CA38F7D3}.Debug|Any CPU.ActiveCfg = Debug|Any CPU
		{61815CC1-3426-4D85-BF83-C333CA38F7D3}.Debug|Any CPU.Build.0 = Debug|Any CPU
		{61815CC1-3426-4D85-BF83-C333CA38F7D3}.Release|Any CPU.ActiveCfg = Release|Any CPU
		{61815CC1-3426-4D85-BF83-C333CA38F7D3}.Release|Any CPU.Build.0 = Release|Any CPU
		{D922C88C-5046-4088-B795-23BFA7827F3C}.Debug|Any CPU.ActiveCfg = Debug|Any CPU
		{D922C88C-5046-4088-B795-23BFA7827F3C}.Debug|Any CPU.Build.0 = Debug|Any CPU
		{D922C88C-5046-4088-B795-23BFA7827F3C}.Release|Any CPU.ActiveCfg = Release|Any CPU
		{D922C88C-5046-4088-B795-23BFA7827F3C}.Release|Any CPU.Build.0 = Release|Any CPU
		{4A99A517-C87F-4185-974F-891BA821DF11}.Debug|Any CPU.ActiveCfg = Debug|Any CPU
		{4A99A517-C87F-4185-974F-891BA821DF11}.Debug|Any CPU.Build.0 = Debug|Any CPU
		{4A99A517-C87F-4185-974F-891BA821DF11}.Release|Any CPU.ActiveCfg = Release|Any CPU
		{4A99A517-C87F-4185-974F-891BA821DF11}.Release|Any CPU.Build.0 = Release|Any CPU
		{64C10035-7642-442A-952C-656796280D28}.Debug|Any CPU.ActiveCfg = Debug|Any CPU
		{64C10035-7642-442A-952C-656796280D28}.Debug|Any CPU.Build.0 = Debug|Any CPU
		{64C10035-7642-442A-952C-656796280D28}.Release|Any CPU.ActiveCfg = Release|Any CPU
		{64C10035-7642-442A-952C-656796280D28}.Release|Any CPU.Build.0 = Release|Any CPU
		{03BBC40B-2301-4317-86A9-1E8C35D40215}.Debug|Any CPU.ActiveCfg = Debug|Any CPU
		{03BBC40B-2301-4317-86A9-1E8C35D40215}.Debug|Any CPU.Build.0 = Debug|Any CPU
		{03BBC40B-2301-4317-86A9-1E8C35D40215}.Release|Any CPU.ActiveCfg = Release|Any CPU
		{03BBC40B-2301-4317-86A9-1E8C35D40215}.Release|Any CPU.Build.0 = Release|Any CPU
		{28A44F1B-1821-452C-82AD-81170DC313AB}.Debug|Any CPU.ActiveCfg = Debug|Any CPU
		{28A44F1B-1821-452C-82AD-81170DC313AB}.Debug|Any CPU.Build.0 = Debug|Any CPU
		{28A44F1B-1821-452C-82AD-81170DC313AB}.Release|Any CPU.ActiveCfg = Release|Any CPU
		{28A44F1B-1821-452C-82AD-81170DC313AB}.Release|Any CPU.Build.0 = Release|Any CPU
		{8E7AE27B-512F-456A-A97F-494482CE41B1}.Debug|Any CPU.ActiveCfg = Debug|Any CPU
		{8E7AE27B-512F-456A-A97F-494482CE41B1}.Debug|Any CPU.Build.0 = Debug|Any CPU
		{8E7AE27B-512F-456A-A97F-494482CE41B1}.Release|Any CPU.ActiveCfg = Release|Any CPU
		{8E7AE27B-512F-456A-A97F-494482CE41B1}.Release|Any CPU.Build.0 = Release|Any CPU
		{15D20E6F-5AB2-41B4-BBF6-40DD6CC91DF8}.Debug|Any CPU.ActiveCfg = Debug|Any CPU
		{15D20E6F-5AB2-41B4-BBF6-40DD6CC91DF8}.Debug|Any CPU.Build.0 = Debug|Any CPU
		{15D20E6F-5AB2-41B4-BBF6-40DD6CC91DF8}.Release|Any CPU.ActiveCfg = Release|Any CPU
		{15D20E6F-5AB2-41B4-BBF6-40DD6CC91DF8}.Release|Any CPU.Build.0 = Release|Any CPU
		{8C55886E-9507-465E-94C0-96D3D3572BF9}.Debug|Any CPU.ActiveCfg = Debug|Any CPU
		{8C55886E-9507-465E-94C0-96D3D3572BF9}.Debug|Any CPU.Build.0 = Debug|Any CPU
		{8C55886E-9507-465E-94C0-96D3D3572BF9}.Release|Any CPU.ActiveCfg = Release|Any CPU
		{8C55886E-9507-465E-94C0-96D3D3572BF9}.Release|Any CPU.Build.0 = Release|Any CPU
		{B0D2E940-03B7-43D2-AC10-2B8B6FCD4CBF}.Debug|Any CPU.ActiveCfg = Debug|Any CPU
		{B0D2E940-03B7-43D2-AC10-2B8B6FCD4CBF}.Debug|Any CPU.Build.0 = Debug|Any CPU
		{B0D2E940-03B7-43D2-AC10-2B8B6FCD4CBF}.Release|Any CPU.ActiveCfg = Release|Any CPU
		{B0D2E940-03B7-43D2-AC10-2B8B6FCD4CBF}.Release|Any CPU.Build.0 = Release|Any CPU
		{260A5B56-9539-4F3F-8DAA-40F0501B3714}.Debug|Any CPU.ActiveCfg = Debug|Any CPU
		{260A5B56-9539-4F3F-8DAA-40F0501B3714}.Debug|Any CPU.Build.0 = Debug|Any CPU
		{260A5B56-9539-4F3F-8DAA-40F0501B3714}.Release|Any CPU.ActiveCfg = Release|Any CPU
		{260A5B56-9539-4F3F-8DAA-40F0501B3714}.Release|Any CPU.Build.0 = Release|Any CPU
		{958369E6-85D1-4432-86FB-AD5E7DEAA69F}.Debug|Any CPU.ActiveCfg = Debug|Any CPU
		{958369E6-85D1-4432-86FB-AD5E7DEAA69F}.Debug|Any CPU.Build.0 = Debug|Any CPU
		{958369E6-85D1-4432-86FB-AD5E7DEAA69F}.Release|Any CPU.ActiveCfg = Release|Any CPU
		{958369E6-85D1-4432-86FB-AD5E7DEAA69F}.Release|Any CPU.Build.0 = Release|Any CPU
		{2B7EB164-870E-46BC-825E-245E6C08C2A5}.Debug|Any CPU.ActiveCfg = Debug|Any CPU
		{2B7EB164-870E-46BC-825E-245E6C08C2A5}.Debug|Any CPU.Build.0 = Debug|Any CPU
		{2B7EB164-870E-46BC-825E-245E6C08C2A5}.Release|Any CPU.ActiveCfg = Release|Any CPU
		{2B7EB164-870E-46BC-825E-245E6C08C2A5}.Release|Any CPU.Build.0 = Release|Any CPU
		{579564EF-FAD6-482E-8AC7-3261C364245B}.Debug|Any CPU.ActiveCfg = Debug|Any CPU
		{579564EF-FAD6-482E-8AC7-3261C364245B}.Debug|Any CPU.Build.0 = Debug|Any CPU
		{579564EF-FAD6-482E-8AC7-3261C364245B}.Release|Any CPU.ActiveCfg = Release|Any CPU
		{579564EF-FAD6-482E-8AC7-3261C364245B}.Release|Any CPU.Build.0 = Release|Any CPU
		{A0382310-4B0A-4541-8F9E-52C764715717}.Debug|Any CPU.ActiveCfg = Debug|Any CPU
		{A0382310-4B0A-4541-8F9E-52C764715717}.Debug|Any CPU.Build.0 = Debug|Any CPU
		{A0382310-4B0A-4541-8F9E-52C764715717}.Release|Any CPU.ActiveCfg = Release|Any CPU
		{A0382310-4B0A-4541-8F9E-52C764715717}.Release|Any CPU.Build.0 = Release|Any CPU
		{B629486B-7668-4EDC-8600-1DD9839C8BDE}.Debug|Any CPU.ActiveCfg = Debug|Any CPU
		{B629486B-7668-4EDC-8600-1DD9839C8BDE}.Debug|Any CPU.Build.0 = Debug|Any CPU
		{B629486B-7668-4EDC-8600-1DD9839C8BDE}.Release|Any CPU.ActiveCfg = Release|Any CPU
		{B629486B-7668-4EDC-8600-1DD9839C8BDE}.Release|Any CPU.Build.0 = Release|Any CPU
	EndGlobalSection
	GlobalSection(SolutionProperties) = preSolution
		HideSolutionNode = FALSE
	EndGlobalSection
EndGlobal
